// !$*UTF8*$!
{
	archiveVersion = 1;
	classes = {
	};
	objectVersion = 56;
	objects = {

/* Begin PBXBuildFile section */
		5BD47541BF8A4651C37710C7 /* Pods_NYArticlesTests.framework in Frameworks */ = {isa = PBXBuildFile; fileRef = 179CC13A213353401FDEFF99 /* Pods_NYArticlesTests.framework */; };
		722F45952CA68B1C00157670 /* NYArticleViewModel.swift in Sources */ = {isa = PBXBuildFile; fileRef = 722F45942CA68B1C00157670 /* NYArticleViewModel.swift */; };
		722F459B2CA691E800157670 /* ArticleRow.swift in Sources */ = {isa = PBXBuildFile; fileRef = 722F459A2CA691E800157670 /* ArticleRow.swift */; };
		722F45A02CA6A75700157670 /* ArticleDetails.swift in Sources */ = {isa = PBXBuildFile; fileRef = 722F459F2CA6A75700157670 /* ArticleDetails.swift */; };
		7241C8392CA61BB500F42C00 /* CustomNavigationView.swift in Sources */ = {isa = PBXBuildFile; fileRef = 7241C8382CA61BB500F42C00 /* CustomNavigationView.swift */; };
		7241C83B2CA61D4C00F42C00 /* ArticleListView.swift in Sources */ = {isa = PBXBuildFile; fileRef = 7241C83A2CA61D4C00F42C00 /* ArticleListView.swift */; };
		7241C83E2CA61DE100F42C00 /* Localization.swift in Sources */ = {isa = PBXBuildFile; fileRef = 7241C83D2CA61DE100F42C00 /* Localization.swift */; };
		72E3C3CF2CA5EC4A0059EE0A /* NYArticlesApp.swift in Sources */ = {isa = PBXBuildFile; fileRef = 72E3C3CE2CA5EC4A0059EE0A /* NYArticlesApp.swift */; };
		72E3C3D32CA5EC4C0059EE0A /* Assets.xcassets in Resources */ = {isa = PBXBuildFile; fileRef = 72E3C3D22CA5EC4C0059EE0A /* Assets.xcassets */; };
		72E3C3D62CA5EC4C0059EE0A /* Preview Assets.xcassets in Resources */ = {isa = PBXBuildFile; fileRef = 72E3C3D52CA5EC4C0059EE0A /* Preview Assets.xcassets */; };
		72E3C3D82CA5EC4C0059EE0A /* Persistence.swift in Sources */ = {isa = PBXBuildFile; fileRef = 72E3C3D72CA5EC4C0059EE0A /* Persistence.swift */; };
		72E3C3DB2CA5EC4C0059EE0A /* NYArticles.xcdatamodeld in Sources */ = {isa = PBXBuildFile; fileRef = 72E3C3D92CA5EC4C0059EE0A /* NYArticles.xcdatamodeld */; };
		72E3C3E52CA5EC4C0059EE0A /* NYArticlesTests.swift in Sources */ = {isa = PBXBuildFile; fileRef = 72E3C3E42CA5EC4C0059EE0A /* NYArticlesTests.swift */; };
		72E3C3EF2CA5EC4C0059EE0A /* NYArticlesUITests.swift in Sources */ = {isa = PBXBuildFile; fileRef = 72E3C3EE2CA5EC4C0059EE0A /* NYArticlesUITests.swift */; };
		72E3C3F12CA5EC4C0059EE0A /* NYArticlesUITestsLaunchTests.swift in Sources */ = {isa = PBXBuildFile; fileRef = 72E3C3F02CA5EC4C0059EE0A /* NYArticlesUITestsLaunchTests.swift */; };
		72E3C4012CA5ED8F0059EE0A /* readme in Resources */ = {isa = PBXBuildFile; fileRef = 72E3C4002CA5ED8F0059EE0A /* readme */; };
		72E3C4082CA5F0ED0059EE0A /* AppDependencies.swift in Sources */ = {isa = PBXBuildFile; fileRef = 72E3C4072CA5F0ED0059EE0A /* AppDependencies.swift */; };
		72E3C40B2CA5F1880059EE0A /* NYTArticleRsponse.swift in Sources */ = {isa = PBXBuildFile; fileRef = 72E3C40A2CA5F1880059EE0A /* NYTArticleRsponse.swift */; };
		72E3C40E2CA5F2170059EE0A /* GenricAPIResponse.swift in Sources */ = {isa = PBXBuildFile; fileRef = 72E3C40D2CA5F2170059EE0A /* GenricAPIResponse.swift */; };
		72E3C4102CA5F2290059EE0A /* APIEndpoint.swift in Sources */ = {isa = PBXBuildFile; fileRef = 72E3C40F2CA5F2290059EE0A /* APIEndpoint.swift */; };
		72E3C4122CA5F2390059EE0A /* moyaProvider.swift in Sources */ = {isa = PBXBuildFile; fileRef = 72E3C4112CA5F2390059EE0A /* moyaProvider.swift */; };
		72E3C4142CA5F24C0059EE0A /* MoyaProvider+Transport.swift in Sources */ = {isa = PBXBuildFile; fileRef = 72E3C4132CA5F24C0059EE0A /* MoyaProvider+Transport.swift */; };
		72E3C4162CA5F25E0059EE0A /* NetworkClient.swift in Sources */ = {isa = PBXBuildFile; fileRef = 72E3C4152CA5F25E0059EE0A /* NetworkClient.swift */; };
		72E3C4182CA5F26D0059EE0A /* Transport.swift in Sources */ = {isa = PBXBuildFile; fileRef = 72E3C4172CA5F26D0059EE0A /* Transport.swift */; };
		72E3C41A2CA5F2830059EE0A /* Client.swift in Sources */ = {isa = PBXBuildFile; fileRef = 72E3C4192CA5F2830059EE0A /* Client.swift */; };
		72E3C41D2CA5F29D0059EE0A /* EnviromentConfigurations.swift in Sources */ = {isa = PBXBuildFile; fileRef = 72E3C41C2CA5F29D0059EE0A /* EnviromentConfigurations.swift */; };
		72E3C41F2CA5F2BA0059EE0A /* HomeAPIEndPoint.swift in Sources */ = {isa = PBXBuildFile; fileRef = 72E3C41E2CA5F2BA0059EE0A /* HomeAPIEndPoint.swift */; };
		72E3C4212CA5F2DA0059EE0A /* Requests.swift in Sources */ = {isa = PBXBuildFile; fileRef = 72E3C4202CA5F2DA0059EE0A /* Requests.swift */; };
		72E3C4232CA5F2EA0059EE0A /* Repository.swift in Sources */ = {isa = PBXBuildFile; fileRef = 72E3C4222CA5F2EA0059EE0A /* Repository.swift */; };
		72E3C4252CA5F3010059EE0A /* Heder.swift in Sources */ = {isa = PBXBuildFile; fileRef = 72E3C4242CA5F3010059EE0A /* Heder.swift */; };
		72E3C4292CA5F3190059EE0A /* APIError.swift in Sources */ = {isa = PBXBuildFile; fileRef = 72E3C4272CA5F3190059EE0A /* APIError.swift */; };
		72E3C42A2CA5F3190059EE0A /* BackendError.swift in Sources */ = {isa = PBXBuildFile; fileRef = 72E3C4282CA5F3190059EE0A /* BackendError.swift */; };
		72E3C42F2CA5F3530059EE0A /* JsonUtilities.swift in Sources */ = {isa = PBXBuildFile; fileRef = 72E3C42C2CA5F3530059EE0A /* JsonUtilities.swift */; };
		9761BA73449A41E3C16C43D9 /* Pods_NYArticles.framework in Frameworks */ = {isa = PBXBuildFile; fileRef = 8E7258739C868FB0E50AE071 /* Pods_NYArticles.framework */; };
		CCE5CA40762DF4A1A80C6319 /* Pods_NYArticles_NYArticlesUITests.framework in Frameworks */ = {isa = PBXBuildFile; fileRef = B4906AC8ABA1EB20A10E6BFE /* Pods_NYArticles_NYArticlesUITests.framework */; };
/* End PBXBuildFile section */

/* Begin PBXContainerItemProxy section */
		72E3C3E12CA5EC4C0059EE0A /* PBXContainerItemProxy */ = {
			isa = PBXContainerItemProxy;
			containerPortal = 72E3C3C32CA5EC4A0059EE0A /* Project object */;
			proxyType = 1;
			remoteGlobalIDString = 72E3C3CA2CA5EC4A0059EE0A;
			remoteInfo = NYArticles;
		};
		72E3C3EB2CA5EC4C0059EE0A /* PBXContainerItemProxy */ = {
			isa = PBXContainerItemProxy;
			containerPortal = 72E3C3C32CA5EC4A0059EE0A /* Project object */;
			proxyType = 1;
			remoteGlobalIDString = 72E3C3CA2CA5EC4A0059EE0A;
			remoteInfo = NYArticles;
		};
/* End PBXContainerItemProxy section */

/* Begin PBXFileReference section */
		171AF7EE700BF22B2110C518 /* Pods-NYArticles.release.xcconfig */ = {isa = PBXFileReference; includeInIndex = 1; lastKnownFileType = text.xcconfig; name = "Pods-NYArticles.release.xcconfig"; path = "Target Support Files/Pods-NYArticles/Pods-NYArticles.release.xcconfig"; sourceTree = "<group>"; };
		179CC13A213353401FDEFF99 /* Pods_NYArticlesTests.framework */ = {isa = PBXFileReference; explicitFileType = wrapper.framework; includeInIndex = 0; path = Pods_NYArticlesTests.framework; sourceTree = BUILT_PRODUCTS_DIR; };
		187529FCD291277687E866B2 /* Pods-NYArticlesTests.release.xcconfig */ = {isa = PBXFileReference; includeInIndex = 1; lastKnownFileType = text.xcconfig; name = "Pods-NYArticlesTests.release.xcconfig"; path = "Target Support Files/Pods-NYArticlesTests/Pods-NYArticlesTests.release.xcconfig"; sourceTree = "<group>"; };
		1B8B23687E0A724773905A99 /* Pods-NYArticles-NYArticlesUITests.release.xcconfig */ = {isa = PBXFileReference; includeInIndex = 1; lastKnownFileType = text.xcconfig; name = "Pods-NYArticles-NYArticlesUITests.release.xcconfig"; path = "Target Support Files/Pods-NYArticles-NYArticlesUITests/Pods-NYArticles-NYArticlesUITests.release.xcconfig"; sourceTree = "<group>"; };
		4CF40F38F89D21576D6E4578 /* Pods-NYArticles.debug.xcconfig */ = {isa = PBXFileReference; includeInIndex = 1; lastKnownFileType = text.xcconfig; name = "Pods-NYArticles.debug.xcconfig"; path = "Target Support Files/Pods-NYArticles/Pods-NYArticles.debug.xcconfig"; sourceTree = "<group>"; };
		6341D60DD0E7E64D03567444 /* Pods-NYArticlesTests.debug.xcconfig */ = {isa = PBXFileReference; includeInIndex = 1; lastKnownFileType = text.xcconfig; name = "Pods-NYArticlesTests.debug.xcconfig"; path = "Target Support Files/Pods-NYArticlesTests/Pods-NYArticlesTests.debug.xcconfig"; sourceTree = "<group>"; };
		722F45942CA68B1C00157670 /* NYArticleViewModel.swift */ = {isa = PBXFileReference; lastKnownFileType = sourcecode.swift; path = NYArticleViewModel.swift; sourceTree = "<group>"; };
		722F459A2CA691E800157670 /* ArticleRow.swift */ = {isa = PBXFileReference; lastKnownFileType = sourcecode.swift; path = ArticleRow.swift; sourceTree = "<group>"; };
		722F459F2CA6A75700157670 /* ArticleDetails.swift */ = {isa = PBXFileReference; lastKnownFileType = sourcecode.swift; path = ArticleDetails.swift; sourceTree = "<group>"; };
		7241C8382CA61BB500F42C00 /* CustomNavigationView.swift */ = {isa = PBXFileReference; lastKnownFileType = sourcecode.swift; path = CustomNavigationView.swift; sourceTree = "<group>"; };
		7241C83A2CA61D4C00F42C00 /* ArticleListView.swift */ = {isa = PBXFileReference; lastKnownFileType = sourcecode.swift; path = ArticleListView.swift; sourceTree = "<group>"; };
		7241C83D2CA61DE100F42C00 /* Localization.swift */ = {isa = PBXFileReference; lastKnownFileType = sourcecode.swift; path = Localization.swift; sourceTree = "<group>"; };
		72E3C3CB2CA5EC4A0059EE0A /* NYArticles.app */ = {isa = PBXFileReference; explicitFileType = wrapper.application; includeInIndex = 0; path = NYArticles.app; sourceTree = BUILT_PRODUCTS_DIR; };
		72E3C3CE2CA5EC4A0059EE0A /* NYArticlesApp.swift */ = {isa = PBXFileReference; lastKnownFileType = sourcecode.swift; path = NYArticlesApp.swift; sourceTree = "<group>"; };
		72E3C3D22CA5EC4C0059EE0A /* Assets.xcassets */ = {isa = PBXFileReference; lastKnownFileType = folder.assetcatalog; path = Assets.xcassets; sourceTree = "<group>"; };
		72E3C3D52CA5EC4C0059EE0A /* Preview Assets.xcassets */ = {isa = PBXFileReference; lastKnownFileType = folder.assetcatalog; path = "Preview Assets.xcassets"; sourceTree = "<group>"; };
		72E3C3D72CA5EC4C0059EE0A /* Persistence.swift */ = {isa = PBXFileReference; lastKnownFileType = sourcecode.swift; path = Persistence.swift; sourceTree = "<group>"; };
		72E3C3DA2CA5EC4C0059EE0A /* NYArticles.xcdatamodel */ = {isa = PBXFileReference; lastKnownFileType = wrapper.xcdatamodel; path = NYArticles.xcdatamodel; sourceTree = "<group>"; };
		72E3C3E02CA5EC4C0059EE0A /* NYArticlesTests.xctest */ = {isa = PBXFileReference; explicitFileType = wrapper.cfbundle; includeInIndex = 0; path = NYArticlesTests.xctest; sourceTree = BUILT_PRODUCTS_DIR; };
		72E3C3E42CA5EC4C0059EE0A /* NYArticlesTests.swift */ = {isa = PBXFileReference; lastKnownFileType = sourcecode.swift; path = NYArticlesTests.swift; sourceTree = "<group>"; };
		72E3C3EA2CA5EC4C0059EE0A /* NYArticlesUITests.xctest */ = {isa = PBXFileReference; explicitFileType = wrapper.cfbundle; includeInIndex = 0; path = NYArticlesUITests.xctest; sourceTree = BUILT_PRODUCTS_DIR; };
		72E3C3EE2CA5EC4C0059EE0A /* NYArticlesUITests.swift */ = {isa = PBXFileReference; lastKnownFileType = sourcecode.swift; path = NYArticlesUITests.swift; sourceTree = "<group>"; };
		72E3C3F02CA5EC4C0059EE0A /* NYArticlesUITestsLaunchTests.swift */ = {isa = PBXFileReference; lastKnownFileType = sourcecode.swift; path = NYArticlesUITestsLaunchTests.swift; sourceTree = "<group>"; };
		72E3C4002CA5ED8F0059EE0A /* readme */ = {isa = PBXFileReference; lastKnownFileType = text; path = readme; sourceTree = "<group>"; };
		72E3C4072CA5F0ED0059EE0A /* AppDependencies.swift */ = {isa = PBXFileReference; lastKnownFileType = sourcecode.swift; path = AppDependencies.swift; sourceTree = "<group>"; };
		72E3C40A2CA5F1880059EE0A /* NYTArticleRsponse.swift */ = {isa = PBXFileReference; lastKnownFileType = sourcecode.swift; path = NYTArticleRsponse.swift; sourceTree = "<group>"; };
		72E3C40D2CA5F2170059EE0A /* GenricAPIResponse.swift */ = {isa = PBXFileReference; lastKnownFileType = sourcecode.swift; path = GenricAPIResponse.swift; sourceTree = "<group>"; };
		72E3C40F2CA5F2290059EE0A /* APIEndpoint.swift */ = {isa = PBXFileReference; lastKnownFileType = sourcecode.swift; path = APIEndpoint.swift; sourceTree = "<group>"; };
		72E3C4112CA5F2390059EE0A /* moyaProvider.swift */ = {isa = PBXFileReference; lastKnownFileType = sourcecode.swift; path = moyaProvider.swift; sourceTree = "<group>"; };
		72E3C4132CA5F24C0059EE0A /* MoyaProvider+Transport.swift */ = {isa = PBXFileReference; lastKnownFileType = sourcecode.swift; path = "MoyaProvider+Transport.swift"; sourceTree = "<group>"; };
		72E3C4152CA5F25E0059EE0A /* NetworkClient.swift */ = {isa = PBXFileReference; lastKnownFileType = sourcecode.swift; path = NetworkClient.swift; sourceTree = "<group>"; };
		72E3C4172CA5F26D0059EE0A /* Transport.swift */ = {isa = PBXFileReference; lastKnownFileType = sourcecode.swift; path = Transport.swift; sourceTree = "<group>"; };
		72E3C4192CA5F2830059EE0A /* Client.swift */ = {isa = PBXFileReference; lastKnownFileType = sourcecode.swift; path = Client.swift; sourceTree = "<group>"; };
		72E3C41C2CA5F29D0059EE0A /* EnviromentConfigurations.swift */ = {isa = PBXFileReference; lastKnownFileType = sourcecode.swift; path = EnviromentConfigurations.swift; sourceTree = "<group>"; };
		72E3C41E2CA5F2BA0059EE0A /* HomeAPIEndPoint.swift */ = {isa = PBXFileReference; lastKnownFileType = sourcecode.swift; path = HomeAPIEndPoint.swift; sourceTree = "<group>"; };
		72E3C4202CA5F2DA0059EE0A /* Requests.swift */ = {isa = PBXFileReference; lastKnownFileType = sourcecode.swift; path = Requests.swift; sourceTree = "<group>"; };
		72E3C4222CA5F2EA0059EE0A /* Repository.swift */ = {isa = PBXFileReference; lastKnownFileType = sourcecode.swift; path = Repository.swift; sourceTree = "<group>"; };
		72E3C4242CA5F3010059EE0A /* Heder.swift */ = {isa = PBXFileReference; lastKnownFileType = sourcecode.swift; path = Heder.swift; sourceTree = "<group>"; };
		72E3C4272CA5F3190059EE0A /* APIError.swift */ = {isa = PBXFileReference; fileEncoding = 4; lastKnownFileType = sourcecode.swift; path = APIError.swift; sourceTree = "<group>"; };
		72E3C4282CA5F3190059EE0A /* BackendError.swift */ = {isa = PBXFileReference; fileEncoding = 4; lastKnownFileType = sourcecode.swift; path = BackendError.swift; sourceTree = "<group>"; };
		72E3C42C2CA5F3530059EE0A /* JsonUtilities.swift */ = {isa = PBXFileReference; fileEncoding = 4; lastKnownFileType = sourcecode.swift; path = JsonUtilities.swift; sourceTree = "<group>"; };
		8ACC222D60B8D21E1C9F802A /* Pods-NYArticles-NYArticlesUITests.debug.xcconfig */ = {isa = PBXFileReference; includeInIndex = 1; lastKnownFileType = text.xcconfig; name = "Pods-NYArticles-NYArticlesUITests.debug.xcconfig"; path = "Target Support Files/Pods-NYArticles-NYArticlesUITests/Pods-NYArticles-NYArticlesUITests.debug.xcconfig"; sourceTree = "<group>"; };
		8E7258739C868FB0E50AE071 /* Pods_NYArticles.framework */ = {isa = PBXFileReference; explicitFileType = wrapper.framework; includeInIndex = 0; path = Pods_NYArticles.framework; sourceTree = BUILT_PRODUCTS_DIR; };
		B4906AC8ABA1EB20A10E6BFE /* Pods_NYArticles_NYArticlesUITests.framework */ = {isa = PBXFileReference; explicitFileType = wrapper.framework; includeInIndex = 0; path = Pods_NYArticles_NYArticlesUITests.framework; sourceTree = BUILT_PRODUCTS_DIR; };
/* End PBXFileReference section */

/* Begin PBXFrameworksBuildPhase section */
		72E3C3C82CA5EC4A0059EE0A /* Frameworks */ = {
			isa = PBXFrameworksBuildPhase;
			buildActionMask = 2147483647;
			files = (
				9761BA73449A41E3C16C43D9 /* Pods_NYArticles.framework in Frameworks */,
			);
			runOnlyForDeploymentPostprocessing = 0;
		};
		72E3C3DD2CA5EC4C0059EE0A /* Frameworks */ = {
			isa = PBXFrameworksBuildPhase;
			buildActionMask = 2147483647;
			files = (
				5BD47541BF8A4651C37710C7 /* Pods_NYArticlesTests.framework in Frameworks */,
			);
			runOnlyForDeploymentPostprocessing = 0;
		};
		72E3C3E72CA5EC4C0059EE0A /* Frameworks */ = {
			isa = PBXFrameworksBuildPhase;
			buildActionMask = 2147483647;
			files = (
				CCE5CA40762DF4A1A80C6319 /* Pods_NYArticles_NYArticlesUITests.framework in Frameworks */,
			);
			runOnlyForDeploymentPostprocessing = 0;
		};
/* End PBXFrameworksBuildPhase section */

/* Begin PBXGroup section */
		722F459D2CA6A72800157670 /* Details */ = {
			isa = PBXGroup;
			children = (
				722F459E2CA6A74B00157670 /* View */,
			);
			path = Details;
			sourceTree = "<group>";
		};
		722F459E2CA6A74B00157670 /* View */ = {
			isa = PBXGroup;
			children = (
				722F459F2CA6A75700157670 /* ArticleDetails.swift */,
			);
			path = View;
			sourceTree = "<group>";
		};
		7241C8322CA6067500F42C00 /* Assets */ = {
			isa = PBXGroup;
			children = (
				72E3C3D22CA5EC4C0059EE0A /* Assets.xcassets */,
			);
			path = Assets;
			sourceTree = "<group>";
		};
		7241C8332CA612F700F42C00 /* Modules */ = {
			isa = PBXGroup;
			children = (
				722F459D2CA6A72800157670 /* Details */,
				7241C8342CA6131100F42C00 /* ArticleList */,
			);
			path = Modules;
			sourceTree = "<group>";
		};
		7241C8342CA6131100F42C00 /* ArticleList */ = {
			isa = PBXGroup;
			children = (
				72E3C4092CA5F11E0059EE0A /* Model */,
				7241C8362CA6132B00F42C00 /* ViewMdel */,
				7241C8352CA6132400F42C00 /* View */,
			);
			path = ArticleList;
			sourceTree = "<group>";
		};
		7241C8352CA6132400F42C00 /* View */ = {
			isa = PBXGroup;
			children = (
				7241C83A2CA61D4C00F42C00 /* ArticleListView.swift */,
			);
			path = View;
			sourceTree = "<group>";
		};
		7241C8362CA6132B00F42C00 /* ViewMdel */ = {
			isa = PBXGroup;
			children = (
				722F45942CA68B1C00157670 /* NYArticleViewModel.swift */,
			);
			path = ViewMdel;
			sourceTree = "<group>";
		};
		7241C8372CA61BA600F42C00 /* Common */ = {
			isa = PBXGroup;
			children = (
				7241C8382CA61BB500F42C00 /* CustomNavigationView.swift */,
				722F459A2CA691E800157670 /* ArticleRow.swift */,
			);
			path = Common;
			sourceTree = "<group>";
		};
		7241C83C2CA61DD200F42C00 /* Localization */ = {
			isa = PBXGroup;
			children = (
				7241C83D2CA61DE100F42C00 /* Localization.swift */,
			);
			path = Localization;
			sourceTree = "<group>";
		};
		72E3C3C22CA5EC4A0059EE0A = {
			isa = PBXGroup;
			children = (
				72E3C4002CA5ED8F0059EE0A /* readme */,
				72E3C3CD2CA5EC4A0059EE0A /* NYArticles */,
				72E3C3E32CA5EC4C0059EE0A /* NYArticlesTests */,
				72E3C3ED2CA5EC4C0059EE0A /* NYArticlesUITests */,
				72E3C3CC2CA5EC4A0059EE0A /* Products */,
				8949AF1FE6B1D0147C051DD2 /* Pods */,
				FE830E418D6686C3500DB3BA /* Frameworks */,
			);
			sourceTree = "<group>";
		};
		72E3C3CC2CA5EC4A0059EE0A /* Products */ = {
			isa = PBXGroup;
			children = (
				72E3C3CB2CA5EC4A0059EE0A /* NYArticles.app */,
				72E3C3E02CA5EC4C0059EE0A /* NYArticlesTests.xctest */,
				72E3C3EA2CA5EC4C0059EE0A /* NYArticlesUITests.xctest */,
			);
			name = Products;
			sourceTree = "<group>";
		};
		72E3C3CD2CA5EC4A0059EE0A /* NYArticles */ = {
			isa = PBXGroup;
			children = (
				72E3C4052CA5F0A50059EE0A /* App Start */,
				72E3C4322CA5FBB20059EE0A /* Networking */,
				72E3C42B2CA5F3530059EE0A /* Helper */,
				72E3C4062CA5F0E10059EE0A /* Depencies */,
				7241C8372CA61BA600F42C00 /* Common */,
				7241C8332CA612F700F42C00 /* Modules */,
				72E3C3D42CA5EC4C0059EE0A /* Preview Content */,
				7241C8322CA6067500F42C00 /* Assets */,
				7241C83C2CA61DD200F42C00 /* Localization */,
				72E3C3FD2CA5ECFC0059EE0A /* CoreData */,
			);
			path = NYArticles;
			sourceTree = "<group>";
		};
		72E3C3D42CA5EC4C0059EE0A /* Preview Content */ = {
			isa = PBXGroup;
			children = (
				72E3C3D52CA5EC4C0059EE0A /* Preview Assets.xcassets */,
			);
			path = "Preview Content";
			sourceTree = "<group>";
		};
		72E3C3E32CA5EC4C0059EE0A /* NYArticlesTests */ = {
			isa = PBXGroup;
			children = (
				72E3C3E42CA5EC4C0059EE0A /* NYArticlesTests.swift */,
			);
			path = NYArticlesTests;
			sourceTree = "<group>";
		};
		72E3C3ED2CA5EC4C0059EE0A /* NYArticlesUITests */ = {
			isa = PBXGroup;
			children = (
				72E3C3EE2CA5EC4C0059EE0A /* NYArticlesUITests.swift */,
				72E3C3F02CA5EC4C0059EE0A /* NYArticlesUITestsLaunchTests.swift */,
			);
			path = NYArticlesUITests;
			sourceTree = "<group>";
		};
		72E3C3FD2CA5ECFC0059EE0A /* CoreData */ = {
			isa = PBXGroup;
			children = (
				72E3C3D72CA5EC4C0059EE0A /* Persistence.swift */,
				72E3C3D92CA5EC4C0059EE0A /* NYArticles.xcdatamodeld */,
			);
			path = CoreData;
			sourceTree = "<group>";
		};
		72E3C4052CA5F0A50059EE0A /* App Start */ = {
			isa = PBXGroup;
			children = (
				72E3C3CE2CA5EC4A0059EE0A /* NYArticlesApp.swift */,
			);
			path = "App Start";
			sourceTree = "<group>";
		};
		72E3C4062CA5F0E10059EE0A /* Depencies */ = {
			isa = PBXGroup;
			children = (
				72E3C4072CA5F0ED0059EE0A /* AppDependencies.swift */,
			);
			path = Depencies;
			sourceTree = "<group>";
		};
		72E3C4092CA5F11E0059EE0A /* Model */ = {
			isa = PBXGroup;
			children = (
				72E3C40A2CA5F1880059EE0A /* NYTArticleRsponse.swift */,
			);
			path = Model;
			sourceTree = "<group>";
		};
		72E3C40C2CA5F20E0059EE0A /* NetWorkLayer */ = {
			isa = PBXGroup;
			children = (
				72E3C40D2CA5F2170059EE0A /* GenricAPIResponse.swift */,
				72E3C40F2CA5F2290059EE0A /* APIEndpoint.swift */,
				72E3C4112CA5F2390059EE0A /* moyaProvider.swift */,
				72E3C4132CA5F24C0059EE0A /* MoyaProvider+Transport.swift */,
				72E3C4152CA5F25E0059EE0A /* NetworkClient.swift */,
				72E3C4172CA5F26D0059EE0A /* Transport.swift */,
				72E3C4192CA5F2830059EE0A /* Client.swift */,
			);
			path = NetWorkLayer;
			sourceTree = "<group>";
		};
		72E3C41B2CA5F2970059EE0A /* Requests */ = {
			isa = PBXGroup;
			children = (
				72E3C41C2CA5F29D0059EE0A /* EnviromentConfigurations.swift */,
				72E3C41E2CA5F2BA0059EE0A /* HomeAPIEndPoint.swift */,
				72E3C4202CA5F2DA0059EE0A /* Requests.swift */,
				72E3C4222CA5F2EA0059EE0A /* Repository.swift */,
				72E3C4242CA5F3010059EE0A /* Heder.swift */,
			);
			path = Requests;
			sourceTree = "<group>";
		};
		72E3C4262CA5F3190059EE0A /* NetworkError */ = {
			isa = PBXGroup;
			children = (
				72E3C4272CA5F3190059EE0A /* APIError.swift */,
				72E3C4282CA5F3190059EE0A /* BackendError.swift */,
			);
			path = NetworkError;
			sourceTree = "<group>";
		};
		72E3C42B2CA5F3530059EE0A /* Helper */ = {
			isa = PBXGroup;
			children = (
				72E3C42C2CA5F3530059EE0A /* JsonUtilities.swift */,
			);
			path = Helper;
			sourceTree = "<group>";
		};
		72E3C4322CA5FBB20059EE0A /* Networking */ = {
			isa = PBXGroup;
			children = (
				72E3C4262CA5F3190059EE0A /* NetworkError */,
				72E3C41B2CA5F2970059EE0A /* Requests */,
				72E3C40C2CA5F20E0059EE0A /* NetWorkLayer */,
			);
			path = Networking;
			sourceTree = "<group>";
		};
		8949AF1FE6B1D0147C051DD2 /* Pods */ = {
			isa = PBXGroup;
			children = (
				4CF40F38F89D21576D6E4578 /* Pods-NYArticles.debug.xcconfig */,
				171AF7EE700BF22B2110C518 /* Pods-NYArticles.release.xcconfig */,
				8ACC222D60B8D21E1C9F802A /* Pods-NYArticles-NYArticlesUITests.debug.xcconfig */,
				1B8B23687E0A724773905A99 /* Pods-NYArticles-NYArticlesUITests.release.xcconfig */,
				6341D60DD0E7E64D03567444 /* Pods-NYArticlesTests.debug.xcconfig */,
				187529FCD291277687E866B2 /* Pods-NYArticlesTests.release.xcconfig */,
			);
			path = Pods;
			sourceTree = "<group>";
		};
		FE830E418D6686C3500DB3BA /* Frameworks */ = {
			isa = PBXGroup;
			children = (
				8E7258739C868FB0E50AE071 /* Pods_NYArticles.framework */,
				B4906AC8ABA1EB20A10E6BFE /* Pods_NYArticles_NYArticlesUITests.framework */,
				179CC13A213353401FDEFF99 /* Pods_NYArticlesTests.framework */,
			);
			name = Frameworks;
			sourceTree = "<group>";
		};
/* End PBXGroup section */

/* Begin PBXNativeTarget section */
		72E3C3CA2CA5EC4A0059EE0A /* NYArticles */ = {
			isa = PBXNativeTarget;
			buildConfigurationList = 72E3C3F42CA5EC4C0059EE0A /* Build configuration list for PBXNativeTarget "NYArticles" */;
			buildPhases = (
				0619A56821357C5E887BD2C3 /* [CP] Check Pods Manifest.lock */,
				72E3C3C72CA5EC4A0059EE0A /* Sources */,
				72E3C3C82CA5EC4A0059EE0A /* Frameworks */,
				72E3C3C92CA5EC4A0059EE0A /* Resources */,
				4A253C09CC82F78D32E40B10 /* [CP] Embed Pods Frameworks */,
			);
			buildRules = (
			);
			dependencies = (
			);
			name = NYArticles;
			productName = NYArticles;
			productReference = 72E3C3CB2CA5EC4A0059EE0A /* NYArticles.app */;
			productType = "com.apple.product-type.application";
		};
		72E3C3DF2CA5EC4C0059EE0A /* NYArticlesTests */ = {
			isa = PBXNativeTarget;
			buildConfigurationList = 72E3C3F72CA5EC4C0059EE0A /* Build configuration list for PBXNativeTarget "NYArticlesTests" */;
			buildPhases = (
				91F6694AA44931E7D0DE3E02 /* [CP] Check Pods Manifest.lock */,
				72E3C3DC2CA5EC4C0059EE0A /* Sources */,
				72E3C3DD2CA5EC4C0059EE0A /* Frameworks */,
				72E3C3DE2CA5EC4C0059EE0A /* Resources */,
			);
			buildRules = (
			);
			dependencies = (
				72E3C3E22CA5EC4C0059EE0A /* PBXTargetDependency */,
			);
			name = NYArticlesTests;
			productName = NYArticlesTests;
			productReference = 72E3C3E02CA5EC4C0059EE0A /* NYArticlesTests.xctest */;
			productType = "com.apple.product-type.bundle.unit-test";
		};
		72E3C3E92CA5EC4C0059EE0A /* NYArticlesUITests */ = {
			isa = PBXNativeTarget;
			buildConfigurationList = 72E3C3FA2CA5EC4C0059EE0A /* Build configuration list for PBXNativeTarget "NYArticlesUITests" */;
			buildPhases = (
				E1F059C2E489E5538320F87F /* [CP] Check Pods Manifest.lock */,
				72E3C3E62CA5EC4C0059EE0A /* Sources */,
				72E3C3E72CA5EC4C0059EE0A /* Frameworks */,
				72E3C3E82CA5EC4C0059EE0A /* Resources */,
				0FBE2B04133498B7FA6D3A0A /* [CP] Embed Pods Frameworks */,
			);
			buildRules = (
			);
			dependencies = (
				72E3C3EC2CA5EC4C0059EE0A /* PBXTargetDependency */,
			);
			name = NYArticlesUITests;
			productName = NYArticlesUITests;
			productReference = 72E3C3EA2CA5EC4C0059EE0A /* NYArticlesUITests.xctest */;
			productType = "com.apple.product-type.bundle.ui-testing";
		};
/* End PBXNativeTarget section */

/* Begin PBXProject section */
		72E3C3C32CA5EC4A0059EE0A /* Project object */ = {
			isa = PBXProject;
			attributes = {
				BuildIndependentTargetsInParallel = 1;
				LastSwiftUpdateCheck = 1520;
				LastUpgradeCheck = 1520;
				TargetAttributes = {
					72E3C3CA2CA5EC4A0059EE0A = {
						CreatedOnToolsVersion = 15.2;
					};
					72E3C3DF2CA5EC4C0059EE0A = {
						CreatedOnToolsVersion = 15.2;
						TestTargetID = 72E3C3CA2CA5EC4A0059EE0A;
					};
					72E3C3E92CA5EC4C0059EE0A = {
						CreatedOnToolsVersion = 15.2;
						TestTargetID = 72E3C3CA2CA5EC4A0059EE0A;
					};
				};
			};
			buildConfigurationList = 72E3C3C62CA5EC4A0059EE0A /* Build configuration list for PBXProject "NYArticles" */;
			compatibilityVersion = "Xcode 14.0";
			developmentRegion = en;
			hasScannedForEncodings = 0;
			knownRegions = (
				en,
				Base,
			);
			mainGroup = 72E3C3C22CA5EC4A0059EE0A;
			productRefGroup = 72E3C3CC2CA5EC4A0059EE0A /* Products */;
			projectDirPath = "";
			projectRoot = "";
			targets = (
				72E3C3CA2CA5EC4A0059EE0A /* NYArticles */,
				72E3C3DF2CA5EC4C0059EE0A /* NYArticlesTests */,
				72E3C3E92CA5EC4C0059EE0A /* NYArticlesUITests */,
			);
		};
/* End PBXProject section */

/* Begin PBXResourcesBuildPhase section */
		72E3C3C92CA5EC4A0059EE0A /* Resources */ = {
			isa = PBXResourcesBuildPhase;
			buildActionMask = 2147483647;
			files = (
				72E3C4012CA5ED8F0059EE0A /* readme in Resources */,
				72E3C3D62CA5EC4C0059EE0A /* Preview Assets.xcassets in Resources */,
				72E3C3D32CA5EC4C0059EE0A /* Assets.xcassets in Resources */,
			);
			runOnlyForDeploymentPostprocessing = 0;
		};
		72E3C3DE2CA5EC4C0059EE0A /* Resources */ = {
			isa = PBXResourcesBuildPhase;
			buildActionMask = 2147483647;
			files = (
			);
			runOnlyForDeploymentPostprocessing = 0;
		};
		72E3C3E82CA5EC4C0059EE0A /* Resources */ = {
			isa = PBXResourcesBuildPhase;
			buildActionMask = 2147483647;
			files = (
			);
			runOnlyForDeploymentPostprocessing = 0;
		};
/* End PBXResourcesBuildPhase section */

/* Begin PBXShellScriptBuildPhase section */
		0619A56821357C5E887BD2C3 /* [CP] Check Pods Manifest.lock */ = {
			isa = PBXShellScriptBuildPhase;
			buildActionMask = 2147483647;
			files = (
			);
			inputFileListPaths = (
			);
			inputPaths = (
				"${PODS_PODFILE_DIR_PATH}/Podfile.lock",
				"${PODS_ROOT}/Manifest.lock",
			);
			name = "[CP] Check Pods Manifest.lock";
			outputFileListPaths = (
			);
			outputPaths = (
				"$(DERIVED_FILE_DIR)/Pods-NYArticles-checkManifestLockResult.txt",
			);
			runOnlyForDeploymentPostprocessing = 0;
			shellPath = /bin/sh;
			shellScript = "diff \"${PODS_PODFILE_DIR_PATH}/Podfile.lock\" \"${PODS_ROOT}/Manifest.lock\" > /dev/null\nif [ $? != 0 ] ; then\n    # print error to STDERR\n    echo \"error: The sandbox is not in sync with the Podfile.lock. Run 'pod install' or update your CocoaPods installation.\" >&2\n    exit 1\nfi\n# This output is used by Xcode 'outputs' to avoid re-running this script phase.\necho \"SUCCESS\" > \"${SCRIPT_OUTPUT_FILE_0}\"\n";
			showEnvVarsInLog = 0;
		};
		0FBE2B04133498B7FA6D3A0A /* [CP] Embed Pods Frameworks */ = {
			isa = PBXShellScriptBuildPhase;
			buildActionMask = 2147483647;
			files = (
			);
			inputFileListPaths = (
				"${PODS_ROOT}/Target Support Files/Pods-NYArticles-NYArticlesUITests/Pods-NYArticles-NYArticlesUITests-frameworks-${CONFIGURATION}-input-files.xcfilelist",
			);
			name = "[CP] Embed Pods Frameworks";
			outputFileListPaths = (
				"${PODS_ROOT}/Target Support Files/Pods-NYArticles-NYArticlesUITests/Pods-NYArticles-NYArticlesUITests-frameworks-${CONFIGURATION}-output-files.xcfilelist",
			);
			runOnlyForDeploymentPostprocessing = 0;
			shellPath = /bin/sh;
			shellScript = "\"${PODS_ROOT}/Target Support Files/Pods-NYArticles-NYArticlesUITests/Pods-NYArticles-NYArticlesUITests-frameworks.sh\"\n";
			showEnvVarsInLog = 0;
		};
		4A253C09CC82F78D32E40B10 /* [CP] Embed Pods Frameworks */ = {
			isa = PBXShellScriptBuildPhase;
			buildActionMask = 2147483647;
			files = (
			);
			inputFileListPaths = (
				"${PODS_ROOT}/Target Support Files/Pods-NYArticles/Pods-NYArticles-frameworks-${CONFIGURATION}-input-files.xcfilelist",
			);
			name = "[CP] Embed Pods Frameworks";
			outputFileListPaths = (
				"${PODS_ROOT}/Target Support Files/Pods-NYArticles/Pods-NYArticles-frameworks-${CONFIGURATION}-output-files.xcfilelist",
			);
			runOnlyForDeploymentPostprocessing = 0;
			shellPath = /bin/sh;
			shellScript = "\"${PODS_ROOT}/Target Support Files/Pods-NYArticles/Pods-NYArticles-frameworks.sh\"\n";
			showEnvVarsInLog = 0;
		};
		91F6694AA44931E7D0DE3E02 /* [CP] Check Pods Manifest.lock */ = {
			isa = PBXShellScriptBuildPhase;
			buildActionMask = 2147483647;
			files = (
			);
			inputFileListPaths = (
			);
			inputPaths = (
				"${PODS_PODFILE_DIR_PATH}/Podfile.lock",
				"${PODS_ROOT}/Manifest.lock",
			);
			name = "[CP] Check Pods Manifest.lock";
			outputFileListPaths = (
			);
			outputPaths = (
				"$(DERIVED_FILE_DIR)/Pods-NYArticlesTests-checkManifestLockResult.txt",
			);
			runOnlyForDeploymentPostprocessing = 0;
			shellPath = /bin/sh;
			shellScript = "diff \"${PODS_PODFILE_DIR_PATH}/Podfile.lock\" \"${PODS_ROOT}/Manifest.lock\" > /dev/null\nif [ $? != 0 ] ; then\n    # print error to STDERR\n    echo \"error: The sandbox is not in sync with the Podfile.lock. Run 'pod install' or update your CocoaPods installation.\" >&2\n    exit 1\nfi\n# This output is used by Xcode 'outputs' to avoid re-running this script phase.\necho \"SUCCESS\" > \"${SCRIPT_OUTPUT_FILE_0}\"\n";
			showEnvVarsInLog = 0;
		};
		E1F059C2E489E5538320F87F /* [CP] Check Pods Manifest.lock */ = {
			isa = PBXShellScriptBuildPhase;
			buildActionMask = 2147483647;
			files = (
			);
			inputFileListPaths = (
			);
			inputPaths = (
				"${PODS_PODFILE_DIR_PATH}/Podfile.lock",
				"${PODS_ROOT}/Manifest.lock",
			);
			name = "[CP] Check Pods Manifest.lock";
			outputFileListPaths = (
			);
			outputPaths = (
				"$(DERIVED_FILE_DIR)/Pods-NYArticles-NYArticlesUITests-checkManifestLockResult.txt",
			);
			runOnlyForDeploymentPostprocessing = 0;
			shellPath = /bin/sh;
			shellScript = "diff \"${PODS_PODFILE_DIR_PATH}/Podfile.lock\" \"${PODS_ROOT}/Manifest.lock\" > /dev/null\nif [ $? != 0 ] ; then\n    # print error to STDERR\n    echo \"error: The sandbox is not in sync with the Podfile.lock. Run 'pod install' or update your CocoaPods installation.\" >&2\n    exit 1\nfi\n# This output is used by Xcode 'outputs' to avoid re-running this script phase.\necho \"SUCCESS\" > \"${SCRIPT_OUTPUT_FILE_0}\"\n";
			showEnvVarsInLog = 0;
		};
/* End PBXShellScriptBuildPhase section */

/* Begin PBXSourcesBuildPhase section */
		72E3C3C72CA5EC4A0059EE0A /* Sources */ = {
			isa = PBXSourcesBuildPhase;
			buildActionMask = 2147483647;
			files = (
				72E3C42F2CA5F3530059EE0A /* JsonUtilities.swift in Sources */,
				7241C83B2CA61D4C00F42C00 /* ArticleListView.swift in Sources */,
				72E3C4102CA5F2290059EE0A /* APIEndpoint.swift in Sources */,
				72E3C4162CA5F25E0059EE0A /* NetworkClient.swift in Sources */,
				7241C8392CA61BB500F42C00 /* CustomNavigationView.swift in Sources */,
				72E3C41A2CA5F2830059EE0A /* Client.swift in Sources */,
				72E3C4212CA5F2DA0059EE0A /* Requests.swift in Sources */,
				72E3C4082CA5F0ED0059EE0A /* AppDependencies.swift in Sources */,
				72E3C40B2CA5F1880059EE0A /* NYTArticleRsponse.swift in Sources */,
				7241C83E2CA61DE100F42C00 /* Localization.swift in Sources */,
				72E3C4182CA5F26D0059EE0A /* Transport.swift in Sources */,
				72E3C3D82CA5EC4C0059EE0A /* Persistence.swift in Sources */,
				72E3C4142CA5F24C0059EE0A /* MoyaProvider+Transport.swift in Sources */,
				722F45A02CA6A75700157670 /* ArticleDetails.swift in Sources */,
				72E3C40E2CA5F2170059EE0A /* GenricAPIResponse.swift in Sources */,
				72E3C41D2CA5F29D0059EE0A /* EnviromentConfigurations.swift in Sources */,
				72E3C42A2CA5F3190059EE0A /* BackendError.swift in Sources */,
				72E3C4232CA5F2EA0059EE0A /* Repository.swift in Sources */,
				722F45952CA68B1C00157670 /* NYArticleViewModel.swift in Sources */,
				72E3C4252CA5F3010059EE0A /* Heder.swift in Sources */,
				72E3C41F2CA5F2BA0059EE0A /* HomeAPIEndPoint.swift in Sources */,
				722F459B2CA691E800157670 /* ArticleRow.swift in Sources */,
				72E3C3DB2CA5EC4C0059EE0A /* NYArticles.xcdatamodeld in Sources */,
				72E3C4122CA5F2390059EE0A /* moyaProvider.swift in Sources */,
				72E3C3CF2CA5EC4A0059EE0A /* NYArticlesApp.swift in Sources */,
				72E3C4292CA5F3190059EE0A /* APIError.swift in Sources */,
			);
			runOnlyForDeploymentPostprocessing = 0;
		};
		72E3C3DC2CA5EC4C0059EE0A /* Sources */ = {
			isa = PBXSourcesBuildPhase;
			buildActionMask = 2147483647;
			files = (
				72E3C3E52CA5EC4C0059EE0A /* NYArticlesTests.swift in Sources */,
			);
			runOnlyForDeploymentPostprocessing = 0;
		};
		72E3C3E62CA5EC4C0059EE0A /* Sources */ = {
			isa = PBXSourcesBuildPhase;
			buildActionMask = 2147483647;
			files = (
				72E3C3F12CA5EC4C0059EE0A /* NYArticlesUITestsLaunchTests.swift in Sources */,
				72E3C3EF2CA5EC4C0059EE0A /* NYArticlesUITests.swift in Sources */,
			);
			runOnlyForDeploymentPostprocessing = 0;
		};
/* End PBXSourcesBuildPhase section */

/* Begin PBXTargetDependency section */
		72E3C3E22CA5EC4C0059EE0A /* PBXTargetDependency */ = {
			isa = PBXTargetDependency;
			target = 72E3C3CA2CA5EC4A0059EE0A /* NYArticles */;
			targetProxy = 72E3C3E12CA5EC4C0059EE0A /* PBXContainerItemProxy */;
		};
		72E3C3EC2CA5EC4C0059EE0A /* PBXTargetDependency */ = {
			isa = PBXTargetDependency;
			target = 72E3C3CA2CA5EC4A0059EE0A /* NYArticles */;
			targetProxy = 72E3C3EB2CA5EC4C0059EE0A /* PBXContainerItemProxy */;
		};
/* End PBXTargetDependency section */

/* Begin XCBuildConfiguration section */
		72E3C3F22CA5EC4C0059EE0A /* Debug */ = {
			isa = XCBuildConfiguration;
			buildSettings = {
				ALWAYS_SEARCH_USER_PATHS = NO;
				ASSETCATALOG_COMPILER_GENERATE_SWIFT_ASSET_SYMBOL_EXTENSIONS = YES;
				CLANG_ANALYZER_NONNULL = YES;
				CLANG_ANALYZER_NUMBER_OBJECT_CONVERSION = YES_AGGRESSIVE;
				CLANG_CXX_LANGUAGE_STANDARD = "gnu++20";
				CLANG_ENABLE_MODULES = YES;
				CLANG_ENABLE_OBJC_ARC = YES;
				CLANG_ENABLE_OBJC_WEAK = YES;
				CLANG_WARN_BLOCK_CAPTURE_AUTORELEASING = YES;
				CLANG_WARN_BOOL_CONVERSION = YES;
				CLANG_WARN_COMMA = YES;
				CLANG_WARN_CONSTANT_CONVERSION = YES;
				CLANG_WARN_DEPRECATED_OBJC_IMPLEMENTATIONS = YES;
				CLANG_WARN_DIRECT_OBJC_ISA_USAGE = YES_ERROR;
				CLANG_WARN_DOCUMENTATION_COMMENTS = YES;
				CLANG_WARN_EMPTY_BODY = YES;
				CLANG_WARN_ENUM_CONVERSION = YES;
				CLANG_WARN_INFINITE_RECURSION = YES;
				CLANG_WARN_INT_CONVERSION = YES;
				CLANG_WARN_NON_LITERAL_NULL_CONVERSION = YES;
				CLANG_WARN_OBJC_IMPLICIT_RETAIN_SELF = YES;
				CLANG_WARN_OBJC_LITERAL_CONVERSION = YES;
				CLANG_WARN_OBJC_ROOT_CLASS = YES_ERROR;
				CLANG_WARN_QUOTED_INCLUDE_IN_FRAMEWORK_HEADER = YES;
				CLANG_WARN_RANGE_LOOP_ANALYSIS = YES;
				CLANG_WARN_STRICT_PROTOTYPES = YES;
				CLANG_WARN_SUSPICIOUS_MOVE = YES;
				CLANG_WARN_UNGUARDED_AVAILABILITY = YES_AGGRESSIVE;
				CLANG_WARN_UNREACHABLE_CODE = YES;
				CLANG_WARN__DUPLICATE_METHOD_MATCH = YES;
				COPY_PHASE_STRIP = NO;
				DEBUG_INFORMATION_FORMAT = dwarf;
				ENABLE_STRICT_OBJC_MSGSEND = YES;
				ENABLE_TESTABILITY = YES;
				ENABLE_USER_SCRIPT_SANDBOXING = NO;
				GCC_C_LANGUAGE_STANDARD = gnu17;
				GCC_DYNAMIC_NO_PIC = NO;
				GCC_NO_COMMON_BLOCKS = YES;
				GCC_OPTIMIZATION_LEVEL = 0;
				GCC_PREPROCESSOR_DEFINITIONS = (
					"DEBUG=1",
					"$(inherited)",
				);
				GCC_WARN_64_TO_32_BIT_CONVERSION = YES;
				GCC_WARN_ABOUT_RETURN_TYPE = YES_ERROR;
				GCC_WARN_UNDECLARED_SELECTOR = YES;
				GCC_WARN_UNINITIALIZED_AUTOS = YES_AGGRESSIVE;
				GCC_WARN_UNUSED_FUNCTION = YES;
				GCC_WARN_UNUSED_VARIABLE = YES;
				IPHONEOS_DEPLOYMENT_TARGET = 17.2;
				LOCALIZATION_PREFERS_STRING_CATALOGS = YES;
				MTL_ENABLE_DEBUG_INFO = INCLUDE_SOURCE;
				MTL_FAST_MATH = YES;
				ONLY_ACTIVE_ARCH = YES;
				SDKROOT = iphoneos;
				SWIFT_ACTIVE_COMPILATION_CONDITIONS = "DEBUG $(inherited)";
				SWIFT_OPTIMIZATION_LEVEL = "-Onone";
			};
			name = Debug;
		};
		72E3C3F32CA5EC4C0059EE0A /* Release */ = {
			isa = XCBuildConfiguration;
			buildSettings = {
				ALWAYS_SEARCH_USER_PATHS = NO;
				ASSETCATALOG_COMPILER_GENERATE_SWIFT_ASSET_SYMBOL_EXTENSIONS = YES;
				CLANG_ANALYZER_NONNULL = YES;
				CLANG_ANALYZER_NUMBER_OBJECT_CONVERSION = YES_AGGRESSIVE;
				CLANG_CXX_LANGUAGE_STANDARD = "gnu++20";
				CLANG_ENABLE_MODULES = YES;
				CLANG_ENABLE_OBJC_ARC = YES;
				CLANG_ENABLE_OBJC_WEAK = YES;
				CLANG_WARN_BLOCK_CAPTURE_AUTORELEASING = YES;
				CLANG_WARN_BOOL_CONVERSION = YES;
				CLANG_WARN_COMMA = YES;
				CLANG_WARN_CONSTANT_CONVERSION = YES;
				CLANG_WARN_DEPRECATED_OBJC_IMPLEMENTATIONS = YES;
				CLANG_WARN_DIRECT_OBJC_ISA_USAGE = YES_ERROR;
				CLANG_WARN_DOCUMENTATION_COMMENTS = YES;
				CLANG_WARN_EMPTY_BODY = YES;
				CLANG_WARN_ENUM_CONVERSION = YES;
				CLANG_WARN_INFINITE_RECURSION = YES;
				CLANG_WARN_INT_CONVERSION = YES;
				CLANG_WARN_NON_LITERAL_NULL_CONVERSION = YES;
				CLANG_WARN_OBJC_IMPLICIT_RETAIN_SELF = YES;
				CLANG_WARN_OBJC_LITERAL_CONVERSION = YES;
				CLANG_WARN_OBJC_ROOT_CLASS = YES_ERROR;
				CLANG_WARN_QUOTED_INCLUDE_IN_FRAMEWORK_HEADER = YES;
				CLANG_WARN_RANGE_LOOP_ANALYSIS = YES;
				CLANG_WARN_STRICT_PROTOTYPES = YES;
				CLANG_WARN_SUSPICIOUS_MOVE = YES;
				CLANG_WARN_UNGUARDED_AVAILABILITY = YES_AGGRESSIVE;
				CLANG_WARN_UNREACHABLE_CODE = YES;
				CLANG_WARN__DUPLICATE_METHOD_MATCH = YES;
				COPY_PHASE_STRIP = NO;
				DEBUG_INFORMATION_FORMAT = "dwarf-with-dsym";
				ENABLE_NS_ASSERTIONS = NO;
				ENABLE_STRICT_OBJC_MSGSEND = YES;
				ENABLE_USER_SCRIPT_SANDBOXING = NO;
				GCC_C_LANGUAGE_STANDARD = gnu17;
				GCC_NO_COMMON_BLOCKS = YES;
				GCC_WARN_64_TO_32_BIT_CONVERSION = YES;
				GCC_WARN_ABOUT_RETURN_TYPE = YES_ERROR;
				GCC_WARN_UNDECLARED_SELECTOR = YES;
				GCC_WARN_UNINITIALIZED_AUTOS = YES_AGGRESSIVE;
				GCC_WARN_UNUSED_FUNCTION = YES;
				GCC_WARN_UNUSED_VARIABLE = YES;
				IPHONEOS_DEPLOYMENT_TARGET = 17.2;
				LOCALIZATION_PREFERS_STRING_CATALOGS = YES;
				MTL_ENABLE_DEBUG_INFO = NO;
				MTL_FAST_MATH = YES;
				SDKROOT = iphoneos;
				SWIFT_COMPILATION_MODE = wholemodule;
				VALIDATE_PRODUCT = YES;
			};
			name = Release;
		};
		72E3C3F52CA5EC4C0059EE0A /* Debug */ = {
			isa = XCBuildConfiguration;
			baseConfigurationReference = 4CF40F38F89D21576D6E4578 /* Pods-NYArticles.debug.xcconfig */;
			buildSettings = {
				ASSETCATALOG_COMPILER_APPICON_NAME = AppIcon;
				ASSETCATALOG_COMPILER_GLOBAL_ACCENT_COLOR_NAME = AccentColor;
				CODE_SIGN_STYLE = Automatic;
				CURRENT_PROJECT_VERSION = 1;
				DEVELOPMENT_ASSET_PATHS = "\"NYArticles/Preview Content\"";
				DEVELOPMENT_TEAM = 4KP7P7XSCQ;
				ENABLE_PREVIEWS = YES;
				GENERATE_INFOPLIST_FILE = YES;
				INFOPLIST_KEY_UIApplicationSceneManifest_Generation = YES;
				INFOPLIST_KEY_UIApplicationSupportsIndirectInputEvents = YES;
				INFOPLIST_KEY_UILaunchScreen_Generation = YES;
				INFOPLIST_KEY_UISupportedInterfaceOrientations_iPad = "UIInterfaceOrientationPortrait UIInterfaceOrientationPortraitUpsideDown UIInterfaceOrientationLandscapeLeft UIInterfaceOrientationLandscapeRight";
				INFOPLIST_KEY_UISupportedInterfaceOrientations_iPhone = "UIInterfaceOrientationPortrait UIInterfaceOrientationLandscapeLeft UIInterfaceOrientationLandscapeRight";
				LD_RUNPATH_SEARCH_PATHS = (
					"$(inherited)",
					"@executable_path/Frameworks",
				);
				MARKETING_VERSION = 1.0;
				PRODUCT_BUNDLE_IDENTIFIER = Etisalat.NYArticles;
				PRODUCT_NAME = "$(TARGET_NAME)";
				SWIFT_EMIT_LOC_STRINGS = YES;
				SWIFT_VERSION = 5.0;
				TARGETED_DEVICE_FAMILY = "1,2";
			};
			name = Debug;
		};
		72E3C3F62CA5EC4C0059EE0A /* Release */ = {
			isa = XCBuildConfiguration;
			baseConfigurationReference = 171AF7EE700BF22B2110C518 /* Pods-NYArticles.release.xcconfig */;
			buildSettings = {
				ASSETCATALOG_COMPILER_APPICON_NAME = AppIcon;
				ASSETCATALOG_COMPILER_GLOBAL_ACCENT_COLOR_NAME = AccentColor;
				CODE_SIGN_STYLE = Automatic;
				CURRENT_PROJECT_VERSION = 1;
				DEVELOPMENT_ASSET_PATHS = "\"NYArticles/Preview Content\"";
				DEVELOPMENT_TEAM = 4KP7P7XSCQ;
				ENABLE_PREVIEWS = YES;
				GENERATE_INFOPLIST_FILE = YES;
				INFOPLIST_KEY_UIApplicationSceneManifest_Generation = YES;
				INFOPLIST_KEY_UIApplicationSupportsIndirectInputEvents = YES;
				INFOPLIST_KEY_UILaunchScreen_Generation = YES;
				INFOPLIST_KEY_UISupportedInterfaceOrientations_iPad = "UIInterfaceOrientationPortrait UIInterfaceOrientationPortraitUpsideDown UIInterfaceOrientationLandscapeLeft UIInterfaceOrientationLandscapeRight";
				INFOPLIST_KEY_UISupportedInterfaceOrientations_iPhone = "UIInterfaceOrientationPortrait UIInterfaceOrientationLandscapeLeft UIInterfaceOrientationLandscapeRight";
				LD_RUNPATH_SEARCH_PATHS = (
					"$(inherited)",
					"@executable_path/Frameworks",
				);
				MARKETING_VERSION = 1.0;
				PRODUCT_BUNDLE_IDENTIFIER = Etisalat.NYArticles;
				PRODUCT_NAME = "$(TARGET_NAME)";
				SWIFT_EMIT_LOC_STRINGS = YES;
				SWIFT_VERSION = 5.0;
				TARGETED_DEVICE_FAMILY = "1,2";
			};
			name = Release;
		};
		72E3C3F82CA5EC4C0059EE0A /* Debug */ = {
			isa = XCBuildConfiguration;
			baseConfigurationReference = 6341D60DD0E7E64D03567444 /* Pods-NYArticlesTests.debug.xcconfig */;
			buildSettings = {
				ALWAYS_EMBED_SWIFT_STANDARD_LIBRARIES = YES;
				BUNDLE_LOADER = "$(TEST_HOST)";
				CODE_SIGN_STYLE = Automatic;
				CURRENT_PROJECT_VERSION = 1;
				DEVELOPMENT_TEAM = 4KP7P7XSCQ;
				GENERATE_INFOPLIST_FILE = YES;
				IPHONEOS_DEPLOYMENT_TARGET = 17.2;
				MARKETING_VERSION = 1.0;
				PRODUCT_BUNDLE_IDENTIFIER = Etisalat.NYArticlesTests;
				PRODUCT_NAME = "$(TARGET_NAME)";
				SWIFT_EMIT_LOC_STRINGS = NO;
				SWIFT_VERSION = 5.0;
				TARGETED_DEVICE_FAMILY = "1,2";
				TEST_HOST = "$(BUILT_PRODUCTS_DIR)/NYArticles.app/$(BUNDLE_EXECUTABLE_FOLDER_PATH)/NYArticles";
			};
			name = Debug;
		};
		72E3C3F92CA5EC4C0059EE0A /* Release */ = {
			isa = XCBuildConfiguration;
			baseConfigurationReference = 187529FCD291277687E866B2 /* Pods-NYArticlesTests.release.xcconfig */;
			buildSettings = {
				ALWAYS_EMBED_SWIFT_STANDARD_LIBRARIES = YES;
				BUNDLE_LOADER = "$(TEST_HOST)";
				CODE_SIGN_STYLE = Automatic;
				CURRENT_PROJECT_VERSION = 1;
				DEVELOPMENT_TEAM = 4KP7P7XSCQ;
				GENERATE_INFOPLIST_FILE = YES;
				IPHONEOS_DEPLOYMENT_TARGET = 17.2;
				MARKETING_VERSION = 1.0;
				PRODUCT_BUNDLE_IDENTIFIER = Etisalat.NYArticlesTests;
				PRODUCT_NAME = "$(TARGET_NAME)";
				SWIFT_EMIT_LOC_STRINGS = NO;
				SWIFT_VERSION = 5.0;
				TARGETED_DEVICE_FAMILY = "1,2";
				TEST_HOST = "$(BUILT_PRODUCTS_DIR)/NYArticles.app/$(BUNDLE_EXECUTABLE_FOLDER_PATH)/NYArticles";
			};
			name = Release;
		};
		72E3C3FB2CA5EC4C0059EE0A /* Debug */ = {
			isa = XCBuildConfiguration;
			baseConfigurationReference = 8ACC222D60B8D21E1C9F802A /* Pods-NYArticles-NYArticlesUITests.debug.xcconfig */;
			buildSettings = {
				ALWAYS_EMBED_SWIFT_STANDARD_LIBRARIES = YES;
				CODE_SIGN_STYLE = Automatic;
				CURRENT_PROJECT_VERSION = 1;
				DEVELOPMENT_TEAM = 4KP7P7XSCQ;
				GENERATE_INFOPLIST_FILE = YES;
				MARKETING_VERSION = 1.0;
				PRODUCT_BUNDLE_IDENTIFIER = Etisalat.NYArticlesUITests;
				PRODUCT_NAME = "$(TARGET_NAME)";
				SWIFT_EMIT_LOC_STRINGS = NO;
				SWIFT_VERSION = 5.0;
				TARGETED_DEVICE_FAMILY = "1,2";
				TEST_TARGET_NAME = NYArticles;
			};
			name = Debug;
		};
		72E3C3FC2CA5EC4C0059EE0A /* Release */ = {
			isa = XCBuildConfiguration;
			baseConfigurationReference = 1B8B23687E0A724773905A99 /* Pods-NYArticles-NYArticlesUITests.release.xcconfig */;
			buildSettings = {
				ALWAYS_EMBED_SWIFT_STANDARD_LIBRARIES = YES;
				CODE_SIGN_STYLE = Automatic;
				CURRENT_PROJECT_VERSION = 1;
				DEVELOPMENT_TEAM = 4KP7P7XSCQ;
				GENERATE_INFOPLIST_FILE = YES;
				MARKETING_VERSION = 1.0;
				PRODUCT_BUNDLE_IDENTIFIER = Etisalat.NYArticlesUITests;
				PRODUCT_NAME = "$(TARGET_NAME)";
				SWIFT_EMIT_LOC_STRINGS = NO;
				SWIFT_VERSION = 5.0;
				TARGETED_DEVICE_FAMILY = "1,2";
				TEST_TARGET_NAME = NYArticles;
			};
			name = Release;
		};
/* End XCBuildConfiguration section */

/* Begin XCConfigurationList section */
		72E3C3C62CA5EC4A0059EE0A /* Build configuration list for PBXProject "NYArticles" */ = {
			isa = XCConfigurationList;
			buildConfigurations = (
				72E3C3F22CA5EC4C0059EE0A /* Debug */,
				72E3C3F32CA5EC4C0059EE0A /* Release */,
			);
			defaultConfigurationIsVisible = 0;
			defaultConfigurationName = Release;
		};
		72E3C3F42CA5EC4C0059EE0A /* Build configuration list for PBXNativeTarget "NYArticles" */ = {
			isa = XCConfigurationList;
			buildConfigurations = (
				72E3C3F52CA5EC4C0059EE0A /* Debug */,
				72E3C3F62CA5EC4C0059EE0A /* Release */,
			);
			defaultConfigurationIsVisible = 0;
			defaultConfigurationName = Release;
		};
		72E3C3F72CA5EC4C0059EE0A /* Build configuration list for PBXNativeTarget "NYArticlesTests" */ = {
			isa = XCConfigurationList;
			buildConfigurations = (
				72E3C3F82CA5EC4C0059EE0A /* Debug */,
				72E3C3F92CA5EC4C0059EE0A /* Release */,
			);
			defaultConfigurationIsVisible = 0;
			defaultConfigurationName = Release;
		};
		72E3C3FA2CA5EC4C0059EE0A /* Build configuration list for PBXNativeTarget "NYArticlesUITests" */ = {
			isa = XCConfigurationList;
			buildConfigurations = (
				72E3C3FB2CA5EC4C0059EE0A /* Debug */,
				72E3C3FC2CA5EC4C0059EE0A /* Release */,
			);
			defaultConfigurationIsVisible = 0;
			defaultConfigurationName = Release;
		};
/* End XCConfigurationList section */

/* Begin XCVersionGroup section */
		72E3C3D92CA5EC4C0059EE0A /* NYArticles.xcdatamodeld */ = {
			isa = XCVersionGroup;
			children = (
				72E3C3DA2CA5EC4C0059EE0A /* NYArticles.xcdatamodel */,
			);
			currentVersion = 72E3C3DA2CA5EC4C0059EE0A /* NYArticles.xcdatamodel */;
			path = NYArticles.xcdatamodeld;
			sourceTree = "<group>";
			versionGroupType = wrapper.xcdatamodel;
		};
/* End XCVersionGroup section */
	};
	rootObject = 72E3C3C32CA5EC4A0059EE0A /* Project object */;
}
